// !$*UTF8*$!
{
	archiveVersion = 1;
	classes = {
	};
	objectVersion = 46;
	objects = {

/* Begin PBXBuildFile section */
		4A2EE11A1A41B41D00899976 /* petitionDictionary.m in Sources */ = {isa = PBXBuildFile; fileRef = 4A2EE1191A41B41D00899976 /* petitionDictionary.m */; };
		4A2EE11D1A42774600899976 /* petitionFollowChartViewController.m in Sources */ = {isa = PBXBuildFile; fileRef = 4A2EE11C1A42774600899976 /* petitionFollowChartViewController.m */; };
		4A2EE1201A42872600899976 /* petitionDetail.m in Sources */ = {isa = PBXBuildFile; fileRef = 4A2EE11F1A42872600899976 /* petitionDetail.m */; };
		4A2EE1231A428F1000899976 /* petitionAgreementViewController.m in Sources */ = {isa = PBXBuildFile; fileRef = 4A2EE1221A428F1000899976 /* petitionAgreementViewController.m */; };
		4A3A2EF51A42DBA200AA8A70 /* petitionHistoryNodeTableViewCell.m in Sources */ = {isa = PBXBuildFile; fileRef = 4A3A2EF41A42DBA200AA8A70 /* petitionHistoryNodeTableViewCell.m */; };
		4A40C2111A401DEB00944AB2 /* ContactsListTableViewCell.m in Sources */ = {isa = PBXBuildFile; fileRef = 4A40C20F1A401DEB00944AB2 /* ContactsListTableViewCell.m */; };
		4A40C2121A401DEB00944AB2 /* ContactsListTableViewCell.xib in Resources */ = {isa = PBXBuildFile; fileRef = 4A40C2101A401DEB00944AB2 /* ContactsListTableViewCell.xib */; };
		4A40C2181A41745E00944AB2 /* petionDetailsTableViewController.m in Sources */ = {isa = PBXBuildFile; fileRef = 4A40C2171A41745E00944AB2 /* petionDetailsTableViewController.m */; };
		4A40C21B1A41748100944AB2 /* petionListTableViewController.m in Sources */ = {isa = PBXBuildFile; fileRef = 4A40C21A1A41748100944AB2 /* petionListTableViewController.m */; };
		4A40C2211A4175BC00944AB2 /* petionDetailsItemTableViewCell.m in Sources */ = {isa = PBXBuildFile; fileRef = 4A40C2201A4175BC00944AB2 /* petionDetailsItemTableViewCell.m */; };
		4A5137481A3B18C1007B504B /* bizManager.m in Sources */ = {isa = PBXBuildFile; fileRef = 4A5137471A3B18C1007B504B /* bizManager.m */; };
		4A51374B1A3B2AAA007B504B /* dic2Object.m in Sources */ = {isa = PBXBuildFile; fileRef = 4A51374A1A3B2AAA007B504B /* dic2Object.m */; };
		4A5500C91A3BF32F00E5307D /* AnncDetailsViewController.m in Sources */ = {isa = PBXBuildFile; fileRef = 4A5500C71A3BF32F00E5307D /* AnncDetailsViewController.m */; };
		4A8D01CF1A33023900EA59EA /* ILBarButtonItem.m in Sources */ = {isa = PBXBuildFile; fileRef = 4A8D01CE1A33023900EA59EA /* ILBarButtonItem.m */; };
		4A8D01D51A33039D00EA59EA /* UIViewController+FastNavgationBarItem.m in Sources */ = {isa = PBXBuildFile; fileRef = 4A8D01D41A33039D00EA59EA /* UIViewController+FastNavgationBarItem.m */; };
		4A8D01D91A33381200EA59EA /* MainPageTableViewHeaderCell.m in Sources */ = {isa = PBXBuildFile; fileRef = 4A8D01D71A33381200EA59EA /* MainPageTableViewHeaderCell.m */; };
		4A8D01DA1A33381200EA59EA /* MainPageTableViewHeaderCell.xib in Resources */ = {isa = PBXBuildFile; fileRef = 4A8D01D81A33381200EA59EA /* MainPageTableViewHeaderCell.xib */; };
		4A8D01DE1A369DCE00EA59EA /* PublicAnncTableViewCell.m in Sources */ = {isa = PBXBuildFile; fileRef = 4A8D01DC1A369DCE00EA59EA /* PublicAnncTableViewCell.m */; };
		4A8D01DF1A369DCE00EA59EA /* PublicAnncTableViewCell.xib in Resources */ = {isa = PBXBuildFile; fileRef = 4A8D01DD1A369DCE00EA59EA /* PublicAnncTableViewCell.xib */; };
		4A8D01E31A369F2E00EA59EA /* PetitionTableViewCell.m in Sources */ = {isa = PBXBuildFile; fileRef = 4A8D01E11A369F2E00EA59EA /* PetitionTableViewCell.m */; };
		4A8D01E41A369F2E00EA59EA /* PetitionTableViewCell.xib in Resources */ = {isa = PBXBuildFile; fileRef = 4A8D01E21A369F2E00EA59EA /* PetitionTableViewCell.xib */; };
		4A8D01E71A36C9C100EA59EA /* person.m in Sources */ = {isa = PBXBuildFile; fileRef = 4A8D01E61A36C9C100EA59EA /* person.m */; };
		4A8D01EA1A36E46700EA59EA /* unReadManager.m in Sources */ = {isa = PBXBuildFile; fileRef = 4A8D01E91A36E46700EA59EA /* unReadManager.m */; };
		4A8D01ED1A36F60800EA59EA /* announcement.m in Sources */ = {isa = PBXBuildFile; fileRef = 4A8D01EC1A36F60800EA59EA /* announcement.m */; };
		4A8D01F31A36F9AB00EA59EA /* annoucementManager.m in Sources */ = {isa = PBXBuildFile; fileRef = 4A8D01F21A36F9AB00EA59EA /* annoucementManager.m */; };
		4A8D01F61A36F9BC00EA59EA /* alertManager.m in Sources */ = {isa = PBXBuildFile; fileRef = 4A8D01F51A36F9BC00EA59EA /* alertManager.m */; };
		4A8D01F91A36FB8000EA59EA /* internalMessageManager.m in Sources */ = {isa = PBXBuildFile; fileRef = 4A8D01F81A36FB8000EA59EA /* internalMessageManager.m */; };
		4A8D01FC1A36FB9C00EA59EA /* petitionManager.m in Sources */ = {isa = PBXBuildFile; fileRef = 4A8D01FB1A36FB9C00EA59EA /* petitionManager.m */; };
		4A8D01FF1A3734A000EA59EA /* badgeImageFactory.m in Sources */ = {isa = PBXBuildFile; fileRef = 4A8D01FE1A3734A000EA59EA /* badgeImageFactory.m */; };
		4A8D02131A37F78400EA59EA /* JSBadgeView.m in Sources */ = {isa = PBXBuildFile; fileRef = 4A8D02121A37F78400EA59EA /* JSBadgeView.m */; };
		4A8F93EB1A3DD36C00A769C1 /* unit.m in Sources */ = {isa = PBXBuildFile; fileRef = 4A8F93EA1A3DD36C00A769C1 /* unit.m */; };
		4A8F93EE1A3DDFA800A769C1 /* ContactListTableViewController.m in Sources */ = {isa = PBXBuildFile; fileRef = 4A8F93ED1A3DDFA800A769C1 /* ContactListTableViewController.m */; };
		4A8F93F11A3DE07E00A769C1 /* ContactListUnitTableViewCell.m in Sources */ = {isa = PBXBuildFile; fileRef = 4A8F93F01A3DE07E00A769C1 /* ContactListUnitTableViewCell.m */; };
		4A8F93F41A3DE56100A769C1 /* contactDataManager.m in Sources */ = {isa = PBXBuildFile; fileRef = 4A8F93F31A3DE56100A769C1 /* contactDataManager.m */; };
		4A8F93F71A3EB47300A769C1 /* department.m in Sources */ = {isa = PBXBuildFile; fileRef = 4A8F93F61A3EB47300A769C1 /* department.m */; };
		4A9AEEEB1A3B43D300FDA403 /* petiotionBrief.m in Sources */ = {isa = PBXBuildFile; fileRef = 4A9AEEEA1A3B43D300FDA403 /* petiotionBrief.m */; };
		4AA0385C1A3D30F0003E9CA6 /* BFNavigationBarDrawer.m in Sources */ = {isa = PBXBuildFile; fileRef = 4AA0385B1A3D30F0003E9CA6 /* BFNavigationBarDrawer.m */; };
		4AB0EFA61A30540C00C24A44 /* AFNMJInstance.m in Sources */ = {isa = PBXBuildFile; fileRef = 4AB0EFA51A30540C00C24A44 /* AFNMJInstance.m */; };
		4AB0EFA91A30558000C24A44 /* NetWorkManager.m in Sources */ = {isa = PBXBuildFile; fileRef = 4AB0EFA81A30558000C24A44 /* NetWorkManager.m */; };
		4AB0EFAF1A308CED00C24A44 /* UtilFun.m in Sources */ = {isa = PBXBuildFile; fileRef = 4AB0EFAE1A308CED00C24A44 /* UtilFun.m */; };
		4ABC221D1A3C31910017FD94 /* AnncListViewController.m in Sources */ = {isa = PBXBuildFile; fileRef = 4ABC221C1A3C31910017FD94 /* AnncListViewController.m */; };
		4ABC22211A3C3F940017FD94 /* LoadMoreTableViewCell.m in Sources */ = {isa = PBXBuildFile; fileRef = 4ABC221F1A3C3F940017FD94 /* LoadMoreTableViewCell.m */; };
		4ABC22221A3C3F940017FD94 /* LoadMoreTableViewCell.xib in Resources */ = {isa = PBXBuildFile; fileRef = 4ABC22201A3C3F940017FD94 /* LoadMoreTableViewCell.xib */; };
		4ABC22251A3C45490017FD94 /* AlertListTableViewController.m in Sources */ = {isa = PBXBuildFile; fileRef = 4ABC22241A3C45490017FD94 /* AlertListTableViewController.m */; };
		4ABC22281A3C4BFD0017FD94 /* alert.m in Sources */ = {isa = PBXBuildFile; fileRef = 4ABC22271A3C4BFD0017FD94 /* alert.m */; };
		4ABC22301A3C88000017FD94 /* AlertDetailsTableViewCell.m in Sources */ = {isa = PBXBuildFile; fileRef = 4ABC222E1A3C88000017FD94 /* AlertDetailsTableViewCell.m */; };
		4ABC22311A3C88000017FD94 /* AlertDetailsTableViewCell.xib in Resources */ = {isa = PBXBuildFile; fileRef = 4ABC222F1A3C88000017FD94 /* AlertDetailsTableViewCell.xib */; };
		4AD7945F1A208F4400DEC779 /* main.m in Sources */ = {isa = PBXBuildFile; fileRef = 4AD7945E1A208F4400DEC779 /* main.m */; };
		4AD794621A208F4400DEC779 /* AppDelegate.m in Sources */ = {isa = PBXBuildFile; fileRef = 4AD794611A208F4400DEC779 /* AppDelegate.m */; };
		4AD794681A208F4400DEC779 /* Main.storyboard in Resources */ = {isa = PBXBuildFile; fileRef = 4AD794661A208F4400DEC779 /* Main.storyboard */; };
		4AD7946A1A208F4400DEC779 /* Images.xcassets in Resources */ = {isa = PBXBuildFile; fileRef = 4AD794691A208F4400DEC779 /* Images.xcassets */; };
		4AD7946D1A208F4500DEC779 /* LaunchScreen.xib in Resources */ = {isa = PBXBuildFile; fileRef = 4AD7946B1A208F4500DEC779 /* LaunchScreen.xib */; };
		4AD794791A208F4500DEC779 /* MJTests.m in Sources */ = {isa = PBXBuildFile; fileRef = 4AD794781A208F4500DEC779 /* MJTests.m */; };
		4AD7951F1A218C4A00DEC779 /* AFHTTPRequestOperation.m in Sources */ = {isa = PBXBuildFile; fileRef = 4AD794A91A218C4A00DEC779 /* AFHTTPRequestOperation.m */; };
		4AD795201A218C4A00DEC779 /* AFHTTPRequestOperationManager.m in Sources */ = {isa = PBXBuildFile; fileRef = 4AD794AB1A218C4A00DEC779 /* AFHTTPRequestOperationManager.m */; };
		4AD795211A218C4A00DEC779 /* AFHTTPSessionManager.m in Sources */ = {isa = PBXBuildFile; fileRef = 4AD794AD1A218C4A00DEC779 /* AFHTTPSessionManager.m */; };
		4AD795221A218C4A00DEC779 /* AFNetworkReachabilityManager.m in Sources */ = {isa = PBXBuildFile; fileRef = 4AD794B01A218C4A00DEC779 /* AFNetworkReachabilityManager.m */; };
		4AD795231A218C4A00DEC779 /* AFSecurityPolicy.m in Sources */ = {isa = PBXBuildFile; fileRef = 4AD794B21A218C4A00DEC779 /* AFSecurityPolicy.m */; };
		4AD795241A218C4A00DEC779 /* AFURLConnectionOperation.m in Sources */ = {isa = PBXBuildFile; fileRef = 4AD794B41A218C4A00DEC779 /* AFURLConnectionOperation.m */; };
		4AD795251A218C4A00DEC779 /* AFURLRequestSerialization.m in Sources */ = {isa = PBXBuildFile; fileRef = 4AD794B61A218C4A00DEC779 /* AFURLRequestSerialization.m */; };
		4AD795261A218C4A00DEC779 /* AFURLResponseSerialization.m in Sources */ = {isa = PBXBuildFile; fileRef = 4AD794B81A218C4A00DEC779 /* AFURLResponseSerialization.m */; };
		4AD795271A218C4A00DEC779 /* AFURLSessionManager.m in Sources */ = {isa = PBXBuildFile; fileRef = 4AD794BA1A218C4A00DEC779 /* AFURLSessionManager.m */; };
		4AD795281A218C4A00DEC779 /* EGORefreshTableHeaderView.m in Sources */ = {isa = PBXBuildFile; fileRef = 4AD794BD1A218C4A00DEC779 /* EGORefreshTableHeaderView.m */; settings = {COMPILER_FLAGS = "-fno-objc-arc"; }; };
		4AD795291A218C4A00DEC779 /* FXImageView.m in Sources */ = {isa = PBXBuildFile; fileRef = 4AD794C01A218C4A00DEC779 /* FXImageView.m */; };
		4AD7952A1A218C4A00DEC779 /* UIImage+FX.m in Sources */ = {isa = PBXBuildFile; fileRef = 4AD794C21A218C4A00DEC779 /* UIImage+FX.m */; };
		4AD7954C1A218C4A00DEC779 /* AFNetworkActivityIndicatorManager.m in Sources */ = {isa = PBXBuildFile; fileRef = 4AD7950F1A218C4A00DEC779 /* AFNetworkActivityIndicatorManager.m */; };
		4AD7954D1A218C4A00DEC779 /* UIActivityIndicatorView+AFNetworking.m in Sources */ = {isa = PBXBuildFile; fileRef = 4AD795111A218C4A00DEC779 /* UIActivityIndicatorView+AFNetworking.m */; };
		4AD7954E1A218C4A00DEC779 /* UIAlertView+AFNetworking.m in Sources */ = {isa = PBXBuildFile; fileRef = 4AD795131A218C4A00DEC779 /* UIAlertView+AFNetworking.m */; };
		4AD7954F1A218C4A00DEC779 /* UIButton+AFNetworking.m in Sources */ = {isa = PBXBuildFile; fileRef = 4AD795151A218C4A00DEC779 /* UIButton+AFNetworking.m */; };
		4AD795501A218C4A00DEC779 /* UIImageView+AFNetworking.m in Sources */ = {isa = PBXBuildFile; fileRef = 4AD795171A218C4A00DEC779 /* UIImageView+AFNetworking.m */; };
		4AD795511A218C4A00DEC779 /* UIProgressView+AFNetworking.m in Sources */ = {isa = PBXBuildFile; fileRef = 4AD7951A1A218C4A00DEC779 /* UIProgressView+AFNetworking.m */; };
		4AD795521A218C4A00DEC779 /* UIRefreshControl+AFNetworking.m in Sources */ = {isa = PBXBuildFile; fileRef = 4AD7951C1A218C4A00DEC779 /* UIRefreshControl+AFNetworking.m */; };
		4AD795531A218C4A00DEC779 /* UIWebView+AFNetworking.m in Sources */ = {isa = PBXBuildFile; fileRef = 4AD7951E1A218C4A00DEC779 /* UIWebView+AFNetworking.m */; };
		4AD7955C1A218DF100DEC779 /* GTCheckBox.m in Sources */ = {isa = PBXBuildFile; fileRef = 4AD795581A218DF100DEC779 /* GTCheckBox.m */; };
		4AD7955D1A218DF100DEC779 /* MBProgressHUD.m in Sources */ = {isa = PBXBuildFile; fileRef = 4AD7955B1A218DF100DEC779 /* MBProgressHUD.m */; };
		B9FF4B3F1A245FB300FE413E /* CustomerViewController.m in Sources */ = {isa = PBXBuildFile; fileRef = B9FF4B301A245FB300FE413E /* CustomerViewController.m */; };
		B9FF4B401A245FB300FE413E /* MainPageViewController.m in Sources */ = {isa = PBXBuildFile; fileRef = B9FF4B331A245FB300FE413E /* MainPageViewController.m */; };
		B9FF4B411A245FB300FE413E /* HouseViewController.m in Sources */ = {isa = PBXBuildFile; fileRef = B9FF4B361A245FB300FE413E /* HouseViewController.m */; };
		B9FF4B421A245FB300FE413E /* MoreViewController.m in Sources */ = {isa = PBXBuildFile; fileRef = B9FF4B391A245FB300FE413E /* MoreViewController.m */; };
		B9FF4B431A245FB300FE413E /* BindViewController.m in Sources */ = {isa = PBXBuildFile; fileRef = B9FF4B3C1A245FB300FE413E /* BindViewController.m */; };
		B9FF4B441A245FB300FE413E /* LoginViewController.m in Sources */ = {isa = PBXBuildFile; fileRef = B9FF4B3E1A245FB300FE413E /* LoginViewController.m */; };
/* End PBXBuildFile section */

/* Begin PBXContainerItemProxy section */
		4AD794731A208F4500DEC779 /* PBXContainerItemProxy */ = {
			isa = PBXContainerItemProxy;
			containerPortal = 4AD794511A208F4400DEC779 /* Project object */;
			proxyType = 1;
			remoteGlobalIDString = 4AD794581A208F4400DEC779;
			remoteInfo = MJ;
		};
/* End PBXContainerItemProxy section */

/* Begin PBXFileReference section */
		4A2EE1181A41B41D00899976 /* petitionDictionary.h */ = {isa = PBXFileReference; fileEncoding = 4; lastKnownFileType = sourcecode.c.h; path = petitionDictionary.h; sourceTree = "<group>"; };
		4A2EE1191A41B41D00899976 /* petitionDictionary.m */ = {isa = PBXFileReference; fileEncoding = 4; lastKnownFileType = sourcecode.c.objc; path = petitionDictionary.m; sourceTree = "<group>"; };
		4A2EE11B1A42774600899976 /* petitionFollowChartViewController.h */ = {isa = PBXFileReference; fileEncoding = 4; lastKnownFileType = sourcecode.c.h; path = petitionFollowChartViewController.h; sourceTree = "<group>"; };
		4A2EE11C1A42774600899976 /* petitionFollowChartViewController.m */ = {isa = PBXFileReference; fileEncoding = 4; lastKnownFileType = sourcecode.c.objc; path = petitionFollowChartViewController.m; sourceTree = "<group>"; };
		4A2EE11E1A42872600899976 /* petitionDetail.h */ = {isa = PBXFileReference; fileEncoding = 4; lastKnownFileType = sourcecode.c.h; path = petitionDetail.h; sourceTree = "<group>"; };
		4A2EE11F1A42872600899976 /* petitionDetail.m */ = {isa = PBXFileReference; fileEncoding = 4; lastKnownFileType = sourcecode.c.objc; path = petitionDetail.m; sourceTree = "<group>"; };
		4A2EE1211A428F1000899976 /* petitionAgreementViewController.h */ = {isa = PBXFileReference; fileEncoding = 4; lastKnownFileType = sourcecode.c.h; path = petitionAgreementViewController.h; sourceTree = "<group>"; };
		4A2EE1221A428F1000899976 /* petitionAgreementViewController.m */ = {isa = PBXFileReference; fileEncoding = 4; lastKnownFileType = sourcecode.c.objc; path = petitionAgreementViewController.m; sourceTree = "<group>"; };
		4A3A2EF31A42DBA200AA8A70 /* petitionHistoryNodeTableViewCell.h */ = {isa = PBXFileReference; fileEncoding = 4; lastKnownFileType = sourcecode.c.h; path = petitionHistoryNodeTableViewCell.h; sourceTree = "<group>"; };
		4A3A2EF41A42DBA200AA8A70 /* petitionHistoryNodeTableViewCell.m */ = {isa = PBXFileReference; fileEncoding = 4; lastKnownFileType = sourcecode.c.objc; path = petitionHistoryNodeTableViewCell.m; sourceTree = "<group>"; };
		4A40C20E1A401DEB00944AB2 /* ContactsListTableViewCell.h */ = {isa = PBXFileReference; fileEncoding = 4; lastKnownFileType = sourcecode.c.h; path = ContactsListTableViewCell.h; sourceTree = "<group>"; };
		4A40C20F1A401DEB00944AB2 /* ContactsListTableViewCell.m */ = {isa = PBXFileReference; fileEncoding = 4; lastKnownFileType = sourcecode.c.objc; path = ContactsListTableViewCell.m; sourceTree = "<group>"; };
		4A40C2101A401DEB00944AB2 /* ContactsListTableViewCell.xib */ = {isa = PBXFileReference; fileEncoding = 4; lastKnownFileType = file.xib; path = ContactsListTableViewCell.xib; sourceTree = "<group>"; };
		4A40C2161A41745E00944AB2 /* petionDetailsTableViewController.h */ = {isa = PBXFileReference; fileEncoding = 4; lastKnownFileType = sourcecode.c.h; path = petionDetailsTableViewController.h; sourceTree = "<group>"; };
		4A40C2171A41745E00944AB2 /* petionDetailsTableViewController.m */ = {isa = PBXFileReference; fileEncoding = 4; lastKnownFileType = sourcecode.c.objc; path = petionDetailsTableViewController.m; sourceTree = "<group>"; };
		4A40C2191A41748100944AB2 /* petionListTableViewController.h */ = {isa = PBXFileReference; fileEncoding = 4; lastKnownFileType = sourcecode.c.h; path = petionListTableViewController.h; sourceTree = "<group>"; };
		4A40C21A1A41748100944AB2 /* petionListTableViewController.m */ = {isa = PBXFileReference; fileEncoding = 4; lastKnownFileType = sourcecode.c.objc; path = petionListTableViewController.m; sourceTree = "<group>"; };
		4A40C21F1A4175BC00944AB2 /* petionDetailsItemTableViewCell.h */ = {isa = PBXFileReference; fileEncoding = 4; lastKnownFileType = sourcecode.c.h; path = petionDetailsItemTableViewCell.h; sourceTree = "<group>"; };
		4A40C2201A4175BC00944AB2 /* petionDetailsItemTableViewCell.m */ = {isa = PBXFileReference; fileEncoding = 4; lastKnownFileType = sourcecode.c.objc; path = petionDetailsItemTableViewCell.m; sourceTree = "<group>"; };
		4A5137461A3B18C1007B504B /* bizManager.h */ = {isa = PBXFileReference; fileEncoding = 4; lastKnownFileType = sourcecode.c.h; path = bizManager.h; sourceTree = "<group>"; };
		4A5137471A3B18C1007B504B /* bizManager.m */ = {isa = PBXFileReference; fileEncoding = 4; lastKnownFileType = sourcecode.c.objc; path = bizManager.m; sourceTree = "<group>"; };
		4A5137491A3B2AAA007B504B /* dic2Object.h */ = {isa = PBXFileReference; fileEncoding = 4; lastKnownFileType = sourcecode.c.h; path = dic2Object.h; sourceTree = "<group>"; };
		4A51374A1A3B2AAA007B504B /* dic2Object.m */ = {isa = PBXFileReference; fileEncoding = 4; lastKnownFileType = sourcecode.c.objc; path = dic2Object.m; sourceTree = "<group>"; };
		4A5500C61A3BF32F00E5307D /* AnncDetailsViewController.h */ = {isa = PBXFileReference; fileEncoding = 4; lastKnownFileType = sourcecode.c.h; path = AnncDetailsViewController.h; sourceTree = "<group>"; };
		4A5500C71A3BF32F00E5307D /* AnncDetailsViewController.m */ = {isa = PBXFileReference; fileEncoding = 4; lastKnownFileType = sourcecode.c.objc; path = AnncDetailsViewController.m; sourceTree = "<group>"; };
		4A8D01CD1A33023900EA59EA /* ILBarButtonItem.h */ = {isa = PBXFileReference; fileEncoding = 4; lastKnownFileType = sourcecode.c.h; path = ILBarButtonItem.h; sourceTree = "<group>"; };
		4A8D01CE1A33023900EA59EA /* ILBarButtonItem.m */ = {isa = PBXFileReference; fileEncoding = 4; lastKnownFileType = sourcecode.c.objc; path = ILBarButtonItem.m; sourceTree = "<group>"; };
		4A8D01D31A33039D00EA59EA /* UIViewController+FastNavgationBarItem.h */ = {isa = PBXFileReference; fileEncoding = 4; lastKnownFileType = sourcecode.c.h; path = "UIViewController+FastNavgationBarItem.h"; sourceTree = "<group>"; };
		4A8D01D41A33039D00EA59EA /* UIViewController+FastNavgationBarItem.m */ = {isa = PBXFileReference; fileEncoding = 4; lastKnownFileType = sourcecode.c.objc; path = "UIViewController+FastNavgationBarItem.m"; sourceTree = "<group>"; };
		4A8D01D61A33381200EA59EA /* MainPageTableViewHeaderCell.h */ = {isa = PBXFileReference; fileEncoding = 4; lastKnownFileType = sourcecode.c.h; path = MainPageTableViewHeaderCell.h; sourceTree = "<group>"; };
		4A8D01D71A33381200EA59EA /* MainPageTableViewHeaderCell.m */ = {isa = PBXFileReference; fileEncoding = 4; lastKnownFileType = sourcecode.c.objc; path = MainPageTableViewHeaderCell.m; sourceTree = "<group>"; };
		4A8D01D81A33381200EA59EA /* MainPageTableViewHeaderCell.xib */ = {isa = PBXFileReference; fileEncoding = 4; lastKnownFileType = file.xib; path = MainPageTableViewHeaderCell.xib; sourceTree = "<group>"; };
		4A8D01DB1A369DCE00EA59EA /* PublicAnncTableViewCell.h */ = {isa = PBXFileReference; fileEncoding = 4; lastKnownFileType = sourcecode.c.h; path = PublicAnncTableViewCell.h; sourceTree = "<group>"; };
		4A8D01DC1A369DCE00EA59EA /* PublicAnncTableViewCell.m */ = {isa = PBXFileReference; fileEncoding = 4; lastKnownFileType = sourcecode.c.objc; path = PublicAnncTableViewCell.m; sourceTree = "<group>"; };
		4A8D01DD1A369DCE00EA59EA /* PublicAnncTableViewCell.xib */ = {isa = PBXFileReference; fileEncoding = 4; lastKnownFileType = file.xib; path = PublicAnncTableViewCell.xib; sourceTree = "<group>"; };
		4A8D01E01A369F2E00EA59EA /* PetitionTableViewCell.h */ = {isa = PBXFileReference; fileEncoding = 4; lastKnownFileType = sourcecode.c.h; path = PetitionTableViewCell.h; sourceTree = "<group>"; };
		4A8D01E11A369F2E00EA59EA /* PetitionTableViewCell.m */ = {isa = PBXFileReference; fileEncoding = 4; lastKnownFileType = sourcecode.c.objc; path = PetitionTableViewCell.m; sourceTree = "<group>"; };
		4A8D01E21A369F2E00EA59EA /* PetitionTableViewCell.xib */ = {isa = PBXFileReference; fileEncoding = 4; lastKnownFileType = file.xib; path = PetitionTableViewCell.xib; sourceTree = "<group>"; };
		4A8D01E51A36C9C100EA59EA /* person.h */ = {isa = PBXFileReference; fileEncoding = 4; lastKnownFileType = sourcecode.c.h; path = person.h; sourceTree = "<group>"; };
		4A8D01E61A36C9C100EA59EA /* person.m */ = {isa = PBXFileReference; fileEncoding = 4; lastKnownFileType = sourcecode.c.objc; path = person.m; sourceTree = "<group>"; };
		4A8D01E81A36E46700EA59EA /* unReadManager.h */ = {isa = PBXFileReference; fileEncoding = 4; lastKnownFileType = sourcecode.c.h; path = unReadManager.h; sourceTree = "<group>"; };
		4A8D01E91A36E46700EA59EA /* unReadManager.m */ = {isa = PBXFileReference; fileEncoding = 4; lastKnownFileType = sourcecode.c.objc; path = unReadManager.m; sourceTree = "<group>"; };
		4A8D01EB1A36F60800EA59EA /* announcement.h */ = {isa = PBXFileReference; fileEncoding = 4; lastKnownFileType = sourcecode.c.h; path = announcement.h; sourceTree = "<group>"; };
		4A8D01EC1A36F60800EA59EA /* announcement.m */ = {isa = PBXFileReference; fileEncoding = 4; lastKnownFileType = sourcecode.c.objc; path = announcement.m; sourceTree = "<group>"; };
		4A8D01F11A36F9AB00EA59EA /* annoucementManager.h */ = {isa = PBXFileReference; fileEncoding = 4; lastKnownFileType = sourcecode.c.h; path = annoucementManager.h; sourceTree = "<group>"; };
		4A8D01F21A36F9AB00EA59EA /* annoucementManager.m */ = {isa = PBXFileReference; fileEncoding = 4; lastKnownFileType = sourcecode.c.objc; path = annoucementManager.m; sourceTree = "<group>"; };
		4A8D01F41A36F9BC00EA59EA /* alertManager.h */ = {isa = PBXFileReference; fileEncoding = 4; lastKnownFileType = sourcecode.c.h; path = alertManager.h; sourceTree = "<group>"; };
		4A8D01F51A36F9BC00EA59EA /* alertManager.m */ = {isa = PBXFileReference; fileEncoding = 4; lastKnownFileType = sourcecode.c.objc; path = alertManager.m; sourceTree = "<group>"; };
		4A8D01F71A36FB8000EA59EA /* internalMessageManager.h */ = {isa = PBXFileReference; fileEncoding = 4; lastKnownFileType = sourcecode.c.h; path = internalMessageManager.h; sourceTree = "<group>"; };
		4A8D01F81A36FB8000EA59EA /* internalMessageManager.m */ = {isa = PBXFileReference; fileEncoding = 4; lastKnownFileType = sourcecode.c.objc; path = internalMessageManager.m; sourceTree = "<group>"; };
		4A8D01FA1A36FB9C00EA59EA /* petitionManager.h */ = {isa = PBXFileReference; fileEncoding = 4; lastKnownFileType = sourcecode.c.h; path = petitionManager.h; sourceTree = "<group>"; };
		4A8D01FB1A36FB9C00EA59EA /* petitionManager.m */ = {isa = PBXFileReference; fileEncoding = 4; lastKnownFileType = sourcecode.c.objc; path = petitionManager.m; sourceTree = "<group>"; };
		4A8D01FD1A3734A000EA59EA /* badgeImageFactory.h */ = {isa = PBXFileReference; fileEncoding = 4; lastKnownFileType = sourcecode.c.h; path = badgeImageFactory.h; sourceTree = "<group>"; };
		4A8D01FE1A3734A000EA59EA /* badgeImageFactory.m */ = {isa = PBXFileReference; fileEncoding = 4; lastKnownFileType = sourcecode.c.objc; path = badgeImageFactory.m; sourceTree = "<group>"; };
		4A8D02111A37F78400EA59EA /* JSBadgeView.h */ = {isa = PBXFileReference; fileEncoding = 4; lastKnownFileType = sourcecode.c.h; path = JSBadgeView.h; sourceTree = "<group>"; };
		4A8D02121A37F78400EA59EA /* JSBadgeView.m */ = {isa = PBXFileReference; fileEncoding = 4; lastKnownFileType = sourcecode.c.objc; path = JSBadgeView.m; sourceTree = "<group>"; };
		4A8F93E91A3DD36C00A769C1 /* unit.h */ = {isa = PBXFileReference; fileEncoding = 4; lastKnownFileType = sourcecode.c.h; path = unit.h; sourceTree = "<group>"; };
		4A8F93EA1A3DD36C00A769C1 /* unit.m */ = {isa = PBXFileReference; fileEncoding = 4; lastKnownFileType = sourcecode.c.objc; path = unit.m; sourceTree = "<group>"; };
		4A8F93EC1A3DDFA800A769C1 /* ContactListTableViewController.h */ = {isa = PBXFileReference; fileEncoding = 4; lastKnownFileType = sourcecode.c.h; path = ContactListTableViewController.h; sourceTree = "<group>"; };
		4A8F93ED1A3DDFA800A769C1 /* ContactListTableViewController.m */ = {isa = PBXFileReference; fileEncoding = 4; lastKnownFileType = sourcecode.c.objc; path = ContactListTableViewController.m; sourceTree = "<group>"; };
		4A8F93EF1A3DE07E00A769C1 /* ContactListUnitTableViewCell.h */ = {isa = PBXFileReference; fileEncoding = 4; lastKnownFileType = sourcecode.c.h; path = ContactListUnitTableViewCell.h; sourceTree = "<group>"; };
		4A8F93F01A3DE07E00A769C1 /* ContactListUnitTableViewCell.m */ = {isa = PBXFileReference; fileEncoding = 4; lastKnownFileType = sourcecode.c.objc; path = ContactListUnitTableViewCell.m; sourceTree = "<group>"; };
		4A8F93F21A3DE56100A769C1 /* contactDataManager.h */ = {isa = PBXFileReference; fileEncoding = 4; lastKnownFileType = sourcecode.c.h; path = contactDataManager.h; sourceTree = "<group>"; };
		4A8F93F31A3DE56100A769C1 /* contactDataManager.m */ = {isa = PBXFileReference; fileEncoding = 4; lastKnownFileType = sourcecode.c.objc; path = contactDataManager.m; sourceTree = "<group>"; };
		4A8F93F51A3EB47300A769C1 /* department.h */ = {isa = PBXFileReference; fileEncoding = 4; lastKnownFileType = sourcecode.c.h; path = department.h; sourceTree = "<group>"; };
		4A8F93F61A3EB47300A769C1 /* department.m */ = {isa = PBXFileReference; fileEncoding = 4; lastKnownFileType = sourcecode.c.objc; path = department.m; sourceTree = "<group>"; };
		4A9AEEE91A3B43D300FDA403 /* petiotionBrief.h */ = {isa = PBXFileReference; fileEncoding = 4; lastKnownFileType = sourcecode.c.h; path = petiotionBrief.h; sourceTree = "<group>"; };
		4A9AEEEA1A3B43D300FDA403 /* petiotionBrief.m */ = {isa = PBXFileReference; fileEncoding = 4; lastKnownFileType = sourcecode.c.objc; path = petiotionBrief.m; sourceTree = "<group>"; };
		4AA0385A1A3D30F0003E9CA6 /* BFNavigationBarDrawer.h */ = {isa = PBXFileReference; fileEncoding = 4; lastKnownFileType = sourcecode.c.h; path = BFNavigationBarDrawer.h; sourceTree = "<group>"; };
		4AA0385B1A3D30F0003E9CA6 /* BFNavigationBarDrawer.m */ = {isa = PBXFileReference; fileEncoding = 4; lastKnownFileType = sourcecode.c.objc; path = BFNavigationBarDrawer.m; sourceTree = "<group>"; };
		4AB0EFA41A30540C00C24A44 /* AFNMJInstance.h */ = {isa = PBXFileReference; fileEncoding = 4; lastKnownFileType = sourcecode.c.h; path = AFNMJInstance.h; sourceTree = "<group>"; };
		4AB0EFA51A30540C00C24A44 /* AFNMJInstance.m */ = {isa = PBXFileReference; fileEncoding = 4; lastKnownFileType = sourcecode.c.objc; path = AFNMJInstance.m; sourceTree = "<group>"; };
		4AB0EFA71A30558000C24A44 /* NetWorkManager.h */ = {isa = PBXFileReference; fileEncoding = 4; lastKnownFileType = sourcecode.c.h; path = NetWorkManager.h; sourceTree = "<group>"; };
		4AB0EFA81A30558000C24A44 /* NetWorkManager.m */ = {isa = PBXFileReference; fileEncoding = 4; lastKnownFileType = sourcecode.c.objc; path = NetWorkManager.m; sourceTree = "<group>"; };
		4AB0EFAD1A308CED00C24A44 /* UtilFun.h */ = {isa = PBXFileReference; fileEncoding = 4; lastKnownFileType = sourcecode.c.h; path = UtilFun.h; sourceTree = "<group>"; };
		4AB0EFAE1A308CED00C24A44 /* UtilFun.m */ = {isa = PBXFileReference; fileEncoding = 4; lastKnownFileType = sourcecode.c.objc; path = UtilFun.m; sourceTree = "<group>"; };
		4ABC221B1A3C31910017FD94 /* AnncListViewController.h */ = {isa = PBXFileReference; fileEncoding = 4; lastKnownFileType = sourcecode.c.h; path = AnncListViewController.h; sourceTree = "<group>"; };
		4ABC221C1A3C31910017FD94 /* AnncListViewController.m */ = {isa = PBXFileReference; fileEncoding = 4; lastKnownFileType = sourcecode.c.objc; path = AnncListViewController.m; sourceTree = "<group>"; };
		4ABC221E1A3C3F940017FD94 /* LoadMoreTableViewCell.h */ = {isa = PBXFileReference; fileEncoding = 4; lastKnownFileType = sourcecode.c.h; path = LoadMoreTableViewCell.h; sourceTree = "<group>"; };
		4ABC221F1A3C3F940017FD94 /* LoadMoreTableViewCell.m */ = {isa = PBXFileReference; fileEncoding = 4; lastKnownFileType = sourcecode.c.objc; path = LoadMoreTableViewCell.m; sourceTree = "<group>"; };
		4ABC22201A3C3F940017FD94 /* LoadMoreTableViewCell.xib */ = {isa = PBXFileReference; fileEncoding = 4; lastKnownFileType = file.xib; path = LoadMoreTableViewCell.xib; sourceTree = "<group>"; };
		4ABC22231A3C45490017FD94 /* AlertListTableViewController.h */ = {isa = PBXFileReference; fileEncoding = 4; lastKnownFileType = sourcecode.c.h; path = AlertListTableViewController.h; sourceTree = "<group>"; };
		4ABC22241A3C45490017FD94 /* AlertListTableViewController.m */ = {isa = PBXFileReference; fileEncoding = 4; lastKnownFileType = sourcecode.c.objc; path = AlertListTableViewController.m; sourceTree = "<group>"; };
		4ABC22261A3C4BFD0017FD94 /* alert.h */ = {isa = PBXFileReference; fileEncoding = 4; lastKnownFileType = sourcecode.c.h; path = alert.h; sourceTree = "<group>"; };
		4ABC22271A3C4BFD0017FD94 /* alert.m */ = {isa = PBXFileReference; fileEncoding = 4; lastKnownFileType = sourcecode.c.objc; path = alert.m; sourceTree = "<group>"; };
		4ABC222D1A3C88000017FD94 /* AlertDetailsTableViewCell.h */ = {isa = PBXFileReference; fileEncoding = 4; lastKnownFileType = sourcecode.c.h; path = AlertDetailsTableViewCell.h; sourceTree = "<group>"; };
		4ABC222E1A3C88000017FD94 /* AlertDetailsTableViewCell.m */ = {isa = PBXFileReference; fileEncoding = 4; lastKnownFileType = sourcecode.c.objc; path = AlertDetailsTableViewCell.m; sourceTree = "<group>"; };
		4ABC222F1A3C88000017FD94 /* AlertDetailsTableViewCell.xib */ = {isa = PBXFileReference; fileEncoding = 4; lastKnownFileType = file.xib; path = AlertDetailsTableViewCell.xib; sourceTree = "<group>"; };
		4AD794591A208F4400DEC779 /* MJ.app */ = {isa = PBXFileReference; explicitFileType = wrapper.application; includeInIndex = 0; path = MJ.app; sourceTree = BUILT_PRODUCTS_DIR; };
		4AD7945D1A208F4400DEC779 /* Info.plist */ = {isa = PBXFileReference; lastKnownFileType = text.plist.xml; path = Info.plist; sourceTree = "<group>"; };
		4AD7945E1A208F4400DEC779 /* main.m */ = {isa = PBXFileReference; lastKnownFileType = sourcecode.c.objc; path = main.m; sourceTree = "<group>"; };
		4AD794601A208F4400DEC779 /* AppDelegate.h */ = {isa = PBXFileReference; lastKnownFileType = sourcecode.c.h; path = AppDelegate.h; sourceTree = "<group>"; };
		4AD794611A208F4400DEC779 /* AppDelegate.m */ = {isa = PBXFileReference; lastKnownFileType = sourcecode.c.objc; path = AppDelegate.m; sourceTree = "<group>"; };
		4AD794671A208F4400DEC779 /* Base */ = {isa = PBXFileReference; lastKnownFileType = file.storyboard; name = Base; path = Base.lproj/Main.storyboard; sourceTree = "<group>"; };
		4AD794691A208F4400DEC779 /* Images.xcassets */ = {isa = PBXFileReference; lastKnownFileType = folder.assetcatalog; path = Images.xcassets; sourceTree = "<group>"; };
		4AD7946C1A208F4500DEC779 /* Base */ = {isa = PBXFileReference; lastKnownFileType = file.xib; name = Base; path = Base.lproj/LaunchScreen.xib; sourceTree = "<group>"; };
		4AD794721A208F4500DEC779 /* MJTests.xctest */ = {isa = PBXFileReference; explicitFileType = wrapper.cfbundle; includeInIndex = 0; path = MJTests.xctest; sourceTree = BUILT_PRODUCTS_DIR; };
		4AD794771A208F4500DEC779 /* Info.plist */ = {isa = PBXFileReference; lastKnownFileType = text.plist.xml; path = Info.plist; sourceTree = "<group>"; };
		4AD794781A208F4500DEC779 /* MJTests.m */ = {isa = PBXFileReference; lastKnownFileType = sourcecode.c.objc; path = MJTests.m; sourceTree = "<group>"; };
		4AD794A81A218C4A00DEC779 /* AFHTTPRequestOperation.h */ = {isa = PBXFileReference; fileEncoding = 4; lastKnownFileType = sourcecode.c.h; path = AFHTTPRequestOperation.h; sourceTree = "<group>"; };
		4AD794A91A218C4A00DEC779 /* AFHTTPRequestOperation.m */ = {isa = PBXFileReference; fileEncoding = 4; lastKnownFileType = sourcecode.c.objc; path = AFHTTPRequestOperation.m; sourceTree = "<group>"; };
		4AD794AA1A218C4A00DEC779 /* AFHTTPRequestOperationManager.h */ = {isa = PBXFileReference; fileEncoding = 4; lastKnownFileType = sourcecode.c.h; path = AFHTTPRequestOperationManager.h; sourceTree = "<group>"; };
		4AD794AB1A218C4A00DEC779 /* AFHTTPRequestOperationManager.m */ = {isa = PBXFileReference; fileEncoding = 4; lastKnownFileType = sourcecode.c.objc; path = AFHTTPRequestOperationManager.m; sourceTree = "<group>"; };
		4AD794AC1A218C4A00DEC779 /* AFHTTPSessionManager.h */ = {isa = PBXFileReference; fileEncoding = 4; lastKnownFileType = sourcecode.c.h; path = AFHTTPSessionManager.h; sourceTree = "<group>"; };
		4AD794AD1A218C4A00DEC779 /* AFHTTPSessionManager.m */ = {isa = PBXFileReference; fileEncoding = 4; lastKnownFileType = sourcecode.c.objc; path = AFHTTPSessionManager.m; sourceTree = "<group>"; };
		4AD794AE1A218C4A00DEC779 /* AFNetworking.h */ = {isa = PBXFileReference; fileEncoding = 4; lastKnownFileType = sourcecode.c.h; path = AFNetworking.h; sourceTree = "<group>"; };
		4AD794AF1A218C4A00DEC779 /* AFNetworkReachabilityManager.h */ = {isa = PBXFileReference; fileEncoding = 4; lastKnownFileType = sourcecode.c.h; path = AFNetworkReachabilityManager.h; sourceTree = "<group>"; };
		4AD794B01A218C4A00DEC779 /* AFNetworkReachabilityManager.m */ = {isa = PBXFileReference; fileEncoding = 4; lastKnownFileType = sourcecode.c.objc; path = AFNetworkReachabilityManager.m; sourceTree = "<group>"; };
		4AD794B11A218C4A00DEC779 /* AFSecurityPolicy.h */ = {isa = PBXFileReference; fileEncoding = 4; lastKnownFileType = sourcecode.c.h; path = AFSecurityPolicy.h; sourceTree = "<group>"; };
		4AD794B21A218C4A00DEC779 /* AFSecurityPolicy.m */ = {isa = PBXFileReference; fileEncoding = 4; lastKnownFileType = sourcecode.c.objc; path = AFSecurityPolicy.m; sourceTree = "<group>"; };
		4AD794B31A218C4A00DEC779 /* AFURLConnectionOperation.h */ = {isa = PBXFileReference; fileEncoding = 4; lastKnownFileType = sourcecode.c.h; path = AFURLConnectionOperation.h; sourceTree = "<group>"; };
		4AD794B41A218C4A00DEC779 /* AFURLConnectionOperation.m */ = {isa = PBXFileReference; fileEncoding = 4; lastKnownFileType = sourcecode.c.objc; path = AFURLConnectionOperation.m; sourceTree = "<group>"; };
		4AD794B51A218C4A00DEC779 /* AFURLRequestSerialization.h */ = {isa = PBXFileReference; fileEncoding = 4; lastKnownFileType = sourcecode.c.h; path = AFURLRequestSerialization.h; sourceTree = "<group>"; };
		4AD794B61A218C4A00DEC779 /* AFURLRequestSerialization.m */ = {isa = PBXFileReference; fileEncoding = 4; lastKnownFileType = sourcecode.c.objc; path = AFURLRequestSerialization.m; sourceTree = "<group>"; };
		4AD794B71A218C4A00DEC779 /* AFURLResponseSerialization.h */ = {isa = PBXFileReference; fileEncoding = 4; lastKnownFileType = sourcecode.c.h; path = AFURLResponseSerialization.h; sourceTree = "<group>"; };
		4AD794B81A218C4A00DEC779 /* AFURLResponseSerialization.m */ = {isa = PBXFileReference; fileEncoding = 4; lastKnownFileType = sourcecode.c.objc; path = AFURLResponseSerialization.m; sourceTree = "<group>"; };
		4AD794B91A218C4A00DEC779 /* AFURLSessionManager.h */ = {isa = PBXFileReference; fileEncoding = 4; lastKnownFileType = sourcecode.c.h; path = AFURLSessionManager.h; sourceTree = "<group>"; };
		4AD794BA1A218C4A00DEC779 /* AFURLSessionManager.m */ = {isa = PBXFileReference; fileEncoding = 4; lastKnownFileType = sourcecode.c.objc; path = AFURLSessionManager.m; sourceTree = "<group>"; };
		4AD794BC1A218C4A00DEC779 /* EGORefreshTableHeaderView.h */ = {isa = PBXFileReference; fileEncoding = 4; lastKnownFileType = sourcecode.c.h; path = EGORefreshTableHeaderView.h; sourceTree = "<group>"; };
		4AD794BD1A218C4A00DEC779 /* EGORefreshTableHeaderView.m */ = {isa = PBXFileReference; fileEncoding = 4; lastKnownFileType = sourcecode.c.objc; path = EGORefreshTableHeaderView.m; sourceTree = "<group>"; };
		4AD794BF1A218C4A00DEC779 /* FXImageView.h */ = {isa = PBXFileReference; fileEncoding = 4; lastKnownFileType = sourcecode.c.h; path = FXImageView.h; sourceTree = "<group>"; };
		4AD794C01A218C4A00DEC779 /* FXImageView.m */ = {isa = PBXFileReference; fileEncoding = 4; lastKnownFileType = sourcecode.c.objc; path = FXImageView.m; sourceTree = "<group>"; };
		4AD794C11A218C4A00DEC779 /* UIImage+FX.h */ = {isa = PBXFileReference; fileEncoding = 4; lastKnownFileType = sourcecode.c.h; path = "UIImage+FX.h"; sourceTree = "<group>"; };
		4AD794C21A218C4A00DEC779 /* UIImage+FX.m */ = {isa = PBXFileReference; fileEncoding = 4; lastKnownFileType = sourcecode.c.objc; path = "UIImage+FX.m"; sourceTree = "<group>"; };
		4AD7950E1A218C4A00DEC779 /* AFNetworkActivityIndicatorManager.h */ = {isa = PBXFileReference; fileEncoding = 4; lastKnownFileType = sourcecode.c.h; path = AFNetworkActivityIndicatorManager.h; sourceTree = "<group>"; };
		4AD7950F1A218C4A00DEC779 /* AFNetworkActivityIndicatorManager.m */ = {isa = PBXFileReference; fileEncoding = 4; lastKnownFileType = sourcecode.c.objc; path = AFNetworkActivityIndicatorManager.m; sourceTree = "<group>"; };
		4AD795101A218C4A00DEC779 /* UIActivityIndicatorView+AFNetworking.h */ = {isa = PBXFileReference; fileEncoding = 4; lastKnownFileType = sourcecode.c.h; path = "UIActivityIndicatorView+AFNetworking.h"; sourceTree = "<group>"; };
		4AD795111A218C4A00DEC779 /* UIActivityIndicatorView+AFNetworking.m */ = {isa = PBXFileReference; fileEncoding = 4; lastKnownFileType = sourcecode.c.objc; path = "UIActivityIndicatorView+AFNetworking.m"; sourceTree = "<group>"; };
		4AD795121A218C4A00DEC779 /* UIAlertView+AFNetworking.h */ = {isa = PBXFileReference; fileEncoding = 4; lastKnownFileType = sourcecode.c.h; path = "UIAlertView+AFNetworking.h"; sourceTree = "<group>"; };
		4AD795131A218C4A00DEC779 /* UIAlertView+AFNetworking.m */ = {isa = PBXFileReference; fileEncoding = 4; lastKnownFileType = sourcecode.c.objc; path = "UIAlertView+AFNetworking.m"; sourceTree = "<group>"; };
		4AD795141A218C4A00DEC779 /* UIButton+AFNetworking.h */ = {isa = PBXFileReference; fileEncoding = 4; lastKnownFileType = sourcecode.c.h; path = "UIButton+AFNetworking.h"; sourceTree = "<group>"; };
		4AD795151A218C4A00DEC779 /* UIButton+AFNetworking.m */ = {isa = PBXFileReference; fileEncoding = 4; lastKnownFileType = sourcecode.c.objc; path = "UIButton+AFNetworking.m"; sourceTree = "<group>"; };
		4AD795161A218C4A00DEC779 /* UIImageView+AFNetworking.h */ = {isa = PBXFileReference; fileEncoding = 4; lastKnownFileType = sourcecode.c.h; path = "UIImageView+AFNetworking.h"; sourceTree = "<group>"; };
		4AD795171A218C4A00DEC779 /* UIImageView+AFNetworking.m */ = {isa = PBXFileReference; fileEncoding = 4; lastKnownFileType = sourcecode.c.objc; path = "UIImageView+AFNetworking.m"; sourceTree = "<group>"; };
		4AD795181A218C4A00DEC779 /* UIKit+AFNetworking.h */ = {isa = PBXFileReference; fileEncoding = 4; lastKnownFileType = sourcecode.c.h; path = "UIKit+AFNetworking.h"; sourceTree = "<group>"; };
		4AD795191A218C4A00DEC779 /* UIProgressView+AFNetworking.h */ = {isa = PBXFileReference; fileEncoding = 4; lastKnownFileType = sourcecode.c.h; path = "UIProgressView+AFNetworking.h"; sourceTree = "<group>"; };
		4AD7951A1A218C4A00DEC779 /* UIProgressView+AFNetworking.m */ = {isa = PBXFileReference; fileEncoding = 4; lastKnownFileType = sourcecode.c.objc; path = "UIProgressView+AFNetworking.m"; sourceTree = "<group>"; };
		4AD7951B1A218C4A00DEC779 /* UIRefreshControl+AFNetworking.h */ = {isa = PBXFileReference; fileEncoding = 4; lastKnownFileType = sourcecode.c.h; path = "UIRefreshControl+AFNetworking.h"; sourceTree = "<group>"; };
		4AD7951C1A218C4A00DEC779 /* UIRefreshControl+AFNetworking.m */ = {isa = PBXFileReference; fileEncoding = 4; lastKnownFileType = sourcecode.c.objc; path = "UIRefreshControl+AFNetworking.m"; sourceTree = "<group>"; };
		4AD7951D1A218C4A00DEC779 /* UIWebView+AFNetworking.h */ = {isa = PBXFileReference; fileEncoding = 4; lastKnownFileType = sourcecode.c.h; path = "UIWebView+AFNetworking.h"; sourceTree = "<group>"; };
		4AD7951E1A218C4A00DEC779 /* UIWebView+AFNetworking.m */ = {isa = PBXFileReference; fileEncoding = 4; lastKnownFileType = sourcecode.c.objc; path = "UIWebView+AFNetworking.m"; sourceTree = "<group>"; };
		4AD795571A218DF100DEC779 /* GTCheckBox.h */ = {isa = PBXFileReference; fileEncoding = 4; lastKnownFileType = sourcecode.c.h; path = GTCheckBox.h; sourceTree = "<group>"; };
		4AD795581A218DF100DEC779 /* GTCheckBox.m */ = {isa = PBXFileReference; fileEncoding = 4; lastKnownFileType = sourcecode.c.objc; path = GTCheckBox.m; sourceTree = "<group>"; };
		4AD7955A1A218DF100DEC779 /* MBProgressHUD.h */ = {isa = PBXFileReference; fileEncoding = 4; lastKnownFileType = sourcecode.c.h; path = MBProgressHUD.h; sourceTree = "<group>"; };
		4AD7955B1A218DF100DEC779 /* MBProgressHUD.m */ = {isa = PBXFileReference; fileEncoding = 4; lastKnownFileType = sourcecode.c.objc; path = MBProgressHUD.m; sourceTree = "<group>"; };
		B9D3C6F11A272A39009CCE96 /* Macro.h */ = {isa = PBXFileReference; lastKnownFileType = sourcecode.c.h; path = Macro.h; sourceTree = "<group>"; };
		B9FF4B2F1A245FB300FE413E /* CustomerViewController.h */ = {isa = PBXFileReference; fileEncoding = 4; lastKnownFileType = sourcecode.c.h; path = CustomerViewController.h; sourceTree = "<group>"; };
		B9FF4B301A245FB300FE413E /* CustomerViewController.m */ = {isa = PBXFileReference; fileEncoding = 4; lastKnownFileType = sourcecode.c.objc; path = CustomerViewController.m; sourceTree = "<group>"; };
		B9FF4B321A245FB300FE413E /* MainPageViewController.h */ = {isa = PBXFileReference; fileEncoding = 4; lastKnownFileType = sourcecode.c.h; path = MainPageViewController.h; sourceTree = "<group>"; };
		B9FF4B331A245FB300FE413E /* MainPageViewController.m */ = {isa = PBXFileReference; fileEncoding = 4; lastKnownFileType = sourcecode.c.objc; path = MainPageViewController.m; sourceTree = "<group>"; };
		B9FF4B351A245FB300FE413E /* HouseViewController.h */ = {isa = PBXFileReference; fileEncoding = 4; lastKnownFileType = sourcecode.c.h; path = HouseViewController.h; sourceTree = "<group>"; };
		B9FF4B361A245FB300FE413E /* HouseViewController.m */ = {isa = PBXFileReference; fileEncoding = 4; lastKnownFileType = sourcecode.c.objc; path = HouseViewController.m; sourceTree = "<group>"; };
		B9FF4B381A245FB300FE413E /* MoreViewController.h */ = {isa = PBXFileReference; fileEncoding = 4; lastKnownFileType = sourcecode.c.h; path = MoreViewController.h; sourceTree = "<group>"; };
		B9FF4B391A245FB300FE413E /* MoreViewController.m */ = {isa = PBXFileReference; fileEncoding = 4; lastKnownFileType = sourcecode.c.objc; path = MoreViewController.m; sourceTree = "<group>"; };
		B9FF4B3B1A245FB300FE413E /* BindViewController.h */ = {isa = PBXFileReference; fileEncoding = 4; lastKnownFileType = sourcecode.c.h; path = BindViewController.h; sourceTree = "<group>"; };
		B9FF4B3C1A245FB300FE413E /* BindViewController.m */ = {isa = PBXFileReference; fileEncoding = 4; lastKnownFileType = sourcecode.c.objc; path = BindViewController.m; sourceTree = "<group>"; };
		B9FF4B3D1A245FB300FE413E /* LoginViewController.h */ = {isa = PBXFileReference; fileEncoding = 4; lastKnownFileType = sourcecode.c.h; path = LoginViewController.h; sourceTree = "<group>"; };
		B9FF4B3E1A245FB300FE413E /* LoginViewController.m */ = {isa = PBXFileReference; fileEncoding = 4; lastKnownFileType = sourcecode.c.objc; path = LoginViewController.m; sourceTree = "<group>"; };
/* End PBXFileReference section */

/* Begin PBXFrameworksBuildPhase section */
		4AD794561A208F4400DEC779 /* Frameworks */ = {
			isa = PBXFrameworksBuildPhase;
			buildActionMask = 2147483647;
			files = (
			);
			runOnlyForDeploymentPostprocessing = 0;
		};
		4AD7946F1A208F4500DEC779 /* Frameworks */ = {
			isa = PBXFrameworksBuildPhase;
			buildActionMask = 2147483647;
			files = (
			);
			runOnlyForDeploymentPostprocessing = 0;
		};
/* End PBXFrameworksBuildPhase section */

/* Begin PBXGroup section */
		4A40C2151A41730600944AB2 /* petition */ = {
			isa = PBXGroup;
			children = (
				4A40C2161A41745E00944AB2 /* petionDetailsTableViewController.h */,
				4A40C2171A41745E00944AB2 /* petionDetailsTableViewController.m */,
				4A40C2191A41748100944AB2 /* petionListTableViewController.h */,
				4A40C21A1A41748100944AB2 /* petionListTableViewController.m */,
				4A40C21F1A4175BC00944AB2 /* petionDetailsItemTableViewCell.h */,
				4A40C2201A4175BC00944AB2 /* petionDetailsItemTableViewCell.m */,
				4A2EE1181A41B41D00899976 /* petitionDictionary.h */,
				4A2EE1191A41B41D00899976 /* petitionDictionary.m */,
				4A2EE11B1A42774600899976 /* petitionFollowChartViewController.h */,
				4A2EE11C1A42774600899976 /* petitionFollowChartViewController.m */,
				4A2EE11E1A42872600899976 /* petitionDetail.h */,
				4A2EE11F1A42872600899976 /* petitionDetail.m */,
				4A2EE1211A428F1000899976 /* petitionAgreementViewController.h */,
				4A2EE1221A428F1000899976 /* petitionAgreementViewController.m */,
				4A3A2EF31A42DBA200AA8A70 /* petitionHistoryNodeTableViewCell.h */,
				4A3A2EF41A42DBA200AA8A70 /* petitionHistoryNodeTableViewCell.m */,
			);
			path = petition;
			sourceTree = "<group>";
		};
		4A5500C51A3BF18300E5307D /* annc */ = {
			isa = PBXGroup;
			children = (
				4A5500C61A3BF32F00E5307D /* AnncDetailsViewController.h */,
				4A5500C71A3BF32F00E5307D /* AnncDetailsViewController.m */,
				4ABC221B1A3C31910017FD94 /* AnncListViewController.h */,
				4ABC221C1A3C31910017FD94 /* AnncListViewController.m */,
				4ABC221E1A3C3F940017FD94 /* LoadMoreTableViewCell.h */,
				4ABC221F1A3C3F940017FD94 /* LoadMoreTableViewCell.m */,
				4ABC22201A3C3F940017FD94 /* LoadMoreTableViewCell.xib */,
			);
			path = annc;
			sourceTree = "<group>";
		};
		4A8D01CC1A33023900EA59EA /* ILBarButtonItem */ = {
			isa = PBXGroup;
			children = (
				4A8D01CD1A33023900EA59EA /* ILBarButtonItem.h */,
				4A8D01CE1A33023900EA59EA /* ILBarButtonItem.m */,
			);
			path = ILBarButtonItem;
			sourceTree = "<group>";
		};
		4A8D02101A37F78400EA59EA /* badgeView */ = {
			isa = PBXGroup;
			children = (
				4A8D02111A37F78400EA59EA /* JSBadgeView.h */,
				4A8D02121A37F78400EA59EA /* JSBadgeView.m */,
			);
			path = badgeView;
			sourceTree = "<group>";
		};
		4AA038591A3D30F0003E9CA6 /* BFNavigationBarDrawer */ = {
			isa = PBXGroup;
			children = (
				4AA0385A1A3D30F0003E9CA6 /* BFNavigationBarDrawer.h */,
				4AA0385B1A3D30F0003E9CA6 /* BFNavigationBarDrawer.m */,
			);
			path = BFNavigationBarDrawer;
			sourceTree = "<group>";
		};
		4AB0EFA31A30538D00C24A44 /* Utils */ = {
			isa = PBXGroup;
			children = (
				4AB0EFA41A30540C00C24A44 /* AFNMJInstance.h */,
				4AB0EFA51A30540C00C24A44 /* AFNMJInstance.m */,
				4AB0EFA71A30558000C24A44 /* NetWorkManager.h */,
				4AB0EFA81A30558000C24A44 /* NetWorkManager.m */,
				4AB0EFAD1A308CED00C24A44 /* UtilFun.h */,
				4AB0EFAE1A308CED00C24A44 /* UtilFun.m */,
				4A8D01D31A33039D00EA59EA /* UIViewController+FastNavgationBarItem.h */,
				4A8D01D41A33039D00EA59EA /* UIViewController+FastNavgationBarItem.m */,
				4A8D01E51A36C9C100EA59EA /* person.h */,
				4A8D01E61A36C9C100EA59EA /* person.m */,
				4A8D01FD1A3734A000EA59EA /* badgeImageFactory.h */,
				4A8D01FE1A3734A000EA59EA /* badgeImageFactory.m */,
				4A5137491A3B2AAA007B504B /* dic2Object.h */,
				4A51374A1A3B2AAA007B504B /* dic2Object.m */,
				4A8F93E91A3DD36C00A769C1 /* unit.h */,
				4A8F93EA1A3DD36C00A769C1 /* unit.m */,
				4A8F93F51A3EB47300A769C1 /* department.h */,
				4A8F93F61A3EB47300A769C1 /* department.m */,
			);
			path = Utils;
			sourceTree = "<group>";
		};
		4ABC221A1A3C30880017FD94 /* alert */ = {
			isa = PBXGroup;
			children = (
				4ABC22231A3C45490017FD94 /* AlertListTableViewController.h */,
				4ABC22241A3C45490017FD94 /* AlertListTableViewController.m */,
				4ABC22261A3C4BFD0017FD94 /* alert.h */,
				4ABC22271A3C4BFD0017FD94 /* alert.m */,
				4ABC222D1A3C88000017FD94 /* AlertDetailsTableViewCell.h */,
				4ABC222E1A3C88000017FD94 /* AlertDetailsTableViewCell.m */,
				4ABC222F1A3C88000017FD94 /* AlertDetailsTableViewCell.xib */,
			);
			path = alert;
			sourceTree = "<group>";
		};
		4ABC22291A3C83F20017FD94 /* PageView */ = {
			isa = PBXGroup;
			children = (
			);
			path = PageView;
			sourceTree = "<group>";
		};
		4AD794501A208F4400DEC779 = {
			isa = PBXGroup;
			children = (
				4AD7945B1A208F4400DEC779 /* MJ */,
				4AD794751A208F4500DEC779 /* MJTests */,
				4AD7945A1A208F4400DEC779 /* Products */,
			);
			sourceTree = "<group>";
		};
		4AD7945A1A208F4400DEC779 /* Products */ = {
			isa = PBXGroup;
			children = (
				4AD794591A208F4400DEC779 /* MJ.app */,
				4AD794721A208F4500DEC779 /* MJTests.xctest */,
			);
			name = Products;
			sourceTree = "<group>";
		};
		4AD7945B1A208F4400DEC779 /* MJ */ = {
			isa = PBXGroup;
			children = (
				4AD794A61A218C4A00DEC779 /* 3rd */,
				4AD794931A2189F900DEC779 /* business */,
				4AD794601A208F4400DEC779 /* AppDelegate.h */,
				4AD794611A208F4400DEC779 /* AppDelegate.m */,
				B9D3C6F11A272A39009CCE96 /* Macro.h */,
				4AD794661A208F4400DEC779 /* Main.storyboard */,
				4AD794691A208F4400DEC779 /* Images.xcassets */,
				4AD7946B1A208F4500DEC779 /* LaunchScreen.xib */,
				4AD7945C1A208F4400DEC779 /* Supporting Files */,
			);
			path = MJ;
			sourceTree = "<group>";
		};
		4AD7945C1A208F4400DEC779 /* Supporting Files */ = {
			isa = PBXGroup;
			children = (
				4AD7945D1A208F4400DEC779 /* Info.plist */,
				4AD7945E1A208F4400DEC779 /* main.m */,
			);
			name = "Supporting Files";
			sourceTree = "<group>";
		};
		4AD794751A208F4500DEC779 /* MJTests */ = {
			isa = PBXGroup;
			children = (
				4AD794781A208F4500DEC779 /* MJTests.m */,
				4AD794761A208F4500DEC779 /* Supporting Files */,
			);
			path = MJTests;
			sourceTree = "<group>";
		};
		4AD794761A208F4500DEC779 /* Supporting Files */ = {
			isa = PBXGroup;
			children = (
				4AD794771A208F4500DEC779 /* Info.plist */,
			);
			name = "Supporting Files";
			sourceTree = "<group>";
		};
		4AD794931A2189F900DEC779 /* business */ = {
			isa = PBXGroup;
			children = (
				4AB0EFA31A30538D00C24A44 /* Utils */,
				B9FF4B2E1A245FB300FE413E /* Customer */,
				B9FF4B311A245FB300FE413E /* Home */,
				B9FF4B341A245FB300FE413E /* House */,
				B9FF4B371A245FB300FE413E /* More */,
				B9FF4B3A1A245FB300FE413E /* Other */,
			);
			path = business;
			sourceTree = "<group>";
		};
		4AD794A61A218C4A00DEC779 /* 3rd */ = {
			isa = PBXGroup;
			children = (
				4AA038591A3D30F0003E9CA6 /* BFNavigationBarDrawer */,
				4ABC22291A3C83F20017FD94 /* PageView */,
				4A8D02101A37F78400EA59EA /* badgeView */,
				4A8D01CC1A33023900EA59EA /* ILBarButtonItem */,
				4AD795561A218DF100DEC779 /* checkbox */,
				4AD795591A218DF100DEC779 /* HUD */,
				4AD794A71A218C4A00DEC779 /* AFNetworking */,
				4AD794BB1A218C4A00DEC779 /* EGORefreshTableHeaderView */,
				4AD794BE1A218C4A00DEC779 /* image */,
				4AD7950D1A218C4A00DEC779 /* UIKit+AFNetworking */,
			);
			path = 3rd;
			sourceTree = "<group>";
		};
		4AD794A71A218C4A00DEC779 /* AFNetworking */ = {
			isa = PBXGroup;
			children = (
				4AD794A81A218C4A00DEC779 /* AFHTTPRequestOperation.h */,
				4AD794A91A218C4A00DEC779 /* AFHTTPRequestOperation.m */,
				4AD794AA1A218C4A00DEC779 /* AFHTTPRequestOperationManager.h */,
				4AD794AB1A218C4A00DEC779 /* AFHTTPRequestOperationManager.m */,
				4AD794AC1A218C4A00DEC779 /* AFHTTPSessionManager.h */,
				4AD794AD1A218C4A00DEC779 /* AFHTTPSessionManager.m */,
				4AD794AE1A218C4A00DEC779 /* AFNetworking.h */,
				4AD794AF1A218C4A00DEC779 /* AFNetworkReachabilityManager.h */,
				4AD794B01A218C4A00DEC779 /* AFNetworkReachabilityManager.m */,
				4AD794B11A218C4A00DEC779 /* AFSecurityPolicy.h */,
				4AD794B21A218C4A00DEC779 /* AFSecurityPolicy.m */,
				4AD794B31A218C4A00DEC779 /* AFURLConnectionOperation.h */,
				4AD794B41A218C4A00DEC779 /* AFURLConnectionOperation.m */,
				4AD794B51A218C4A00DEC779 /* AFURLRequestSerialization.h */,
				4AD794B61A218C4A00DEC779 /* AFURLRequestSerialization.m */,
				4AD794B71A218C4A00DEC779 /* AFURLResponseSerialization.h */,
				4AD794B81A218C4A00DEC779 /* AFURLResponseSerialization.m */,
				4AD794B91A218C4A00DEC779 /* AFURLSessionManager.h */,
				4AD794BA1A218C4A00DEC779 /* AFURLSessionManager.m */,
			);
			path = AFNetworking;
			sourceTree = "<group>";
		};
		4AD794BB1A218C4A00DEC779 /* EGORefreshTableHeaderView */ = {
			isa = PBXGroup;
			children = (
				4AD794BC1A218C4A00DEC779 /* EGORefreshTableHeaderView.h */,
				4AD794BD1A218C4A00DEC779 /* EGORefreshTableHeaderView.m */,
			);
			path = EGORefreshTableHeaderView;
			sourceTree = "<group>";
		};
		4AD794BE1A218C4A00DEC779 /* image */ = {
			isa = PBXGroup;
			children = (
				4AD794BF1A218C4A00DEC779 /* FXImageView.h */,
				4AD794C01A218C4A00DEC779 /* FXImageView.m */,
				4AD794C11A218C4A00DEC779 /* UIImage+FX.h */,
				4AD794C21A218C4A00DEC779 /* UIImage+FX.m */,
			);
			path = image;
			sourceTree = "<group>";
		};
		4AD7950D1A218C4A00DEC779 /* UIKit+AFNetworking */ = {
			isa = PBXGroup;
			children = (
				4AD7950E1A218C4A00DEC779 /* AFNetworkActivityIndicatorManager.h */,
				4AD7950F1A218C4A00DEC779 /* AFNetworkActivityIndicatorManager.m */,
				4AD795101A218C4A00DEC779 /* UIActivityIndicatorView+AFNetworking.h */,
				4AD795111A218C4A00DEC779 /* UIActivityIndicatorView+AFNetworking.m */,
				4AD795121A218C4A00DEC779 /* UIAlertView+AFNetworking.h */,
				4AD795131A218C4A00DEC779 /* UIAlertView+AFNetworking.m */,
				4AD795141A218C4A00DEC779 /* UIButton+AFNetworking.h */,
				4AD795151A218C4A00DEC779 /* UIButton+AFNetworking.m */,
				4AD795161A218C4A00DEC779 /* UIImageView+AFNetworking.h */,
				4AD795171A218C4A00DEC779 /* UIImageView+AFNetworking.m */,
				4AD795181A218C4A00DEC779 /* UIKit+AFNetworking.h */,
				4AD795191A218C4A00DEC779 /* UIProgressView+AFNetworking.h */,
				4AD7951A1A218C4A00DEC779 /* UIProgressView+AFNetworking.m */,
				4AD7951B1A218C4A00DEC779 /* UIRefreshControl+AFNetworking.h */,
				4AD7951C1A218C4A00DEC779 /* UIRefreshControl+AFNetworking.m */,
				4AD7951D1A218C4A00DEC779 /* UIWebView+AFNetworking.h */,
				4AD7951E1A218C4A00DEC779 /* UIWebView+AFNetworking.m */,
			);
			path = "UIKit+AFNetworking";
			sourceTree = "<group>";
		};
		4AD795561A218DF100DEC779 /* checkbox */ = {
			isa = PBXGroup;
			children = (
				4AD795571A218DF100DEC779 /* GTCheckBox.h */,
				4AD795581A218DF100DEC779 /* GTCheckBox.m */,
			);
			path = checkbox;
			sourceTree = "<group>";
		};
		4AD795591A218DF100DEC779 /* HUD */ = {
			isa = PBXGroup;
			children = (
				4AD7955A1A218DF100DEC779 /* MBProgressHUD.h */,
				4AD7955B1A218DF100DEC779 /* MBProgressHUD.m */,
			);
			path = HUD;
			sourceTree = "<group>";
		};
		B9FF4B2E1A245FB300FE413E /* Customer */ = {
			isa = PBXGroup;
			children = (
				B9FF4B2F1A245FB300FE413E /* CustomerViewController.h */,
				B9FF4B301A245FB300FE413E /* CustomerViewController.m */,
			);
			path = Customer;
			sourceTree = "<group>";
		};
		B9FF4B311A245FB300FE413E /* Home */ = {
			isa = PBXGroup;
			children = (
				4A40C2151A41730600944AB2 /* petition */,
				4ABC221A1A3C30880017FD94 /* alert */,
				4A5500C51A3BF18300E5307D /* annc */,
				B9FF4B321A245FB300FE413E /* MainPageViewController.h */,
				B9FF4B331A245FB300FE413E /* MainPageViewController.m */,
				4A8D01D61A33381200EA59EA /* MainPageTableViewHeaderCell.h */,
				4A8D01D71A33381200EA59EA /* MainPageTableViewHeaderCell.m */,
				4A8D01D81A33381200EA59EA /* MainPageTableViewHeaderCell.xib */,
				4A8D01DB1A369DCE00EA59EA /* PublicAnncTableViewCell.h */,
				4A8D01DC1A369DCE00EA59EA /* PublicAnncTableViewCell.m */,
				4A8D01DD1A369DCE00EA59EA /* PublicAnncTableViewCell.xib */,
				4A8D01E01A369F2E00EA59EA /* PetitionTableViewCell.h */,
				4A8D01E11A369F2E00EA59EA /* PetitionTableViewCell.m */,
				4A8D01E21A369F2E00EA59EA /* PetitionTableViewCell.xib */,
				4A8D01E81A36E46700EA59EA /* unReadManager.h */,
				4A8D01E91A36E46700EA59EA /* unReadManager.m */,
				4A8D01EB1A36F60800EA59EA /* announcement.h */,
				4A8D01EC1A36F60800EA59EA /* announcement.m */,
				4A8D01F11A36F9AB00EA59EA /* annoucementManager.h */,
				4A8D01F21A36F9AB00EA59EA /* annoucementManager.m */,
				4A8D01F71A36FB8000EA59EA /* internalMessageManager.h */,
				4A8D01F81A36FB8000EA59EA /* internalMessageManager.m */,
				4A8D01FA1A36FB9C00EA59EA /* petitionManager.h */,
				4A8D01FB1A36FB9C00EA59EA /* petitionManager.m */,
				4A8D01F41A36F9BC00EA59EA /* alertManager.h */,
				4A8D01F51A36F9BC00EA59EA /* alertManager.m */,
				4A5137461A3B18C1007B504B /* bizManager.h */,
				4A5137471A3B18C1007B504B /* bizManager.m */,
				4A9AEEE91A3B43D300FDA403 /* petiotionBrief.h */,
				4A9AEEEA1A3B43D300FDA403 /* petiotionBrief.m */,
			);
			path = Home;
			sourceTree = "<group>";
		};
		B9FF4B341A245FB300FE413E /* House */ = {
			isa = PBXGroup;
			children = (
				B9FF4B351A245FB300FE413E /* HouseViewController.h */,
				B9FF4B361A245FB300FE413E /* HouseViewController.m */,
			);
			path = House;
			sourceTree = "<group>";
		};
		B9FF4B371A245FB300FE413E /* More */ = {
			isa = PBXGroup;
			children = (
				B9FF4B381A245FB300FE413E /* MoreViewController.h */,
				B9FF4B391A245FB300FE413E /* MoreViewController.m */,
				4A40C20E1A401DEB00944AB2 /* ContactsListTableViewCell.h */,
				4A40C20F1A401DEB00944AB2 /* ContactsListTableViewCell.m */,
				4A40C2101A401DEB00944AB2 /* ContactsListTableViewCell.xib */,
				4A8F93EC1A3DDFA800A769C1 /* ContactListTableViewController.h */,
				4A8F93ED1A3DDFA800A769C1 /* ContactListTableViewController.m */,
				4A8F93EF1A3DE07E00A769C1 /* ContactListUnitTableViewCell.h */,
				4A8F93F01A3DE07E00A769C1 /* ContactListUnitTableViewCell.m */,
				4A8F93F21A3DE56100A769C1 /* contactDataManager.h */,
				4A8F93F31A3DE56100A769C1 /* contactDataManager.m */,
			);
			path = More;
			sourceTree = "<group>";
		};
		B9FF4B3A1A245FB300FE413E /* Other */ = {
			isa = PBXGroup;
			children = (
				B9FF4B3B1A245FB300FE413E /* BindViewController.h */,
				B9FF4B3C1A245FB300FE413E /* BindViewController.m */,
				B9FF4B3D1A245FB300FE413E /* LoginViewController.h */,
				B9FF4B3E1A245FB300FE413E /* LoginViewController.m */,
			);
			path = Other;
			sourceTree = "<group>";
		};
/* End PBXGroup section */

/* Begin PBXNativeTarget section */
		4AD794581A208F4400DEC779 /* MJ */ = {
			isa = PBXNativeTarget;
			buildConfigurationList = 4AD7947C1A208F4500DEC779 /* Build configuration list for PBXNativeTarget "MJ" */;
			buildPhases = (
				4AD794551A208F4400DEC779 /* Sources */,
				4AD794561A208F4400DEC779 /* Frameworks */,
				4AD794571A208F4400DEC779 /* Resources */,
			);
			buildRules = (
			);
			dependencies = (
			);
			name = MJ;
			productName = MJ;
			productReference = 4AD794591A208F4400DEC779 /* MJ.app */;
			productType = "com.apple.product-type.application";
		};
		4AD794711A208F4500DEC779 /* MJTests */ = {
			isa = PBXNativeTarget;
			buildConfigurationList = 4AD7947F1A208F4500DEC779 /* Build configuration list for PBXNativeTarget "MJTests" */;
			buildPhases = (
				4AD7946E1A208F4500DEC779 /* Sources */,
				4AD7946F1A208F4500DEC779 /* Frameworks */,
				4AD794701A208F4500DEC779 /* Resources */,
			);
			buildRules = (
			);
			dependencies = (
				4AD794741A208F4500DEC779 /* PBXTargetDependency */,
			);
			name = MJTests;
			productName = MJTests;
			productReference = 4AD794721A208F4500DEC779 /* MJTests.xctest */;
			productType = "com.apple.product-type.bundle.unit-test";
		};
/* End PBXNativeTarget section */

/* Begin PBXProject section */
		4AD794511A208F4400DEC779 /* Project object */ = {
			isa = PBXProject;
			attributes = {
				LastUpgradeCheck = 0600;
				ORGANIZATIONNAME = Simtoon;
				TargetAttributes = {
					4AD794581A208F4400DEC779 = {
						CreatedOnToolsVersion = 6.0.1;
					};
					4AD794711A208F4500DEC779 = {
						CreatedOnToolsVersion = 6.0.1;
						TestTargetID = 4AD794581A208F4400DEC779;
					};
				};
			};
			buildConfigurationList = 4AD794541A208F4400DEC779 /* Build configuration list for PBXProject "MJ" */;
			compatibilityVersion = "Xcode 3.2";
			developmentRegion = English;
			hasScannedForEncodings = 0;
			knownRegions = (
				en,
				Base,
			);
			mainGroup = 4AD794501A208F4400DEC779;
			productRefGroup = 4AD7945A1A208F4400DEC779 /* Products */;
			projectDirPath = "";
			projectRoot = "";
			targets = (
				4AD794581A208F4400DEC779 /* MJ */,
				4AD794711A208F4500DEC779 /* MJTests */,
			);
		};
/* End PBXProject section */

/* Begin PBXResourcesBuildPhase section */
		4AD794571A208F4400DEC779 /* Resources */ = {
			isa = PBXResourcesBuildPhase;
			buildActionMask = 2147483647;
			files = (
				4ABC22221A3C3F940017FD94 /* LoadMoreTableViewCell.xib in Resources */,
				4A8D01E41A369F2E00EA59EA /* PetitionTableViewCell.xib in Resources */,
				4AD794681A208F4400DEC779 /* Main.storyboard in Resources */,
				4A8D01DF1A369DCE00EA59EA /* PublicAnncTableViewCell.xib in Resources */,
				4A8D01DA1A33381200EA59EA /* MainPageTableViewHeaderCell.xib in Resources */,
				4ABC22311A3C88000017FD94 /* AlertDetailsTableViewCell.xib in Resources */,
				4AD7946D1A208F4500DEC779 /* LaunchScreen.xib in Resources */,
				4AD7946A1A208F4400DEC779 /* Images.xcassets in Resources */,
				4A40C2121A401DEB00944AB2 /* ContactsListTableViewCell.xib in Resources */,
			);
			runOnlyForDeploymentPostprocessing = 0;
		};
		4AD794701A208F4500DEC779 /* Resources */ = {
			isa = PBXResourcesBuildPhase;
			buildActionMask = 2147483647;
			files = (
			);
			runOnlyForDeploymentPostprocessing = 0;
		};
/* End PBXResourcesBuildPhase section */

/* Begin PBXSourcesBuildPhase section */
		4AD794551A208F4400DEC779 /* Sources */ = {
			isa = PBXSourcesBuildPhase;
			buildActionMask = 2147483647;
			files = (
				4A8F93EE1A3DDFA800A769C1 /* ContactListTableViewController.m in Sources */,
				4AD795281A218C4A00DEC779 /* EGORefreshTableHeaderView.m in Sources */,
				4AD795521A218C4A00DEC779 /* UIRefreshControl+AFNetworking.m in Sources */,
				4A40C2111A401DEB00944AB2 /* ContactsListTableViewCell.m in Sources */,
				4A8D01E71A36C9C100EA59EA /* person.m in Sources */,
				4A8D01F61A36F9BC00EA59EA /* alertManager.m in Sources */,
				4ABC22301A3C88000017FD94 /* AlertDetailsTableViewCell.m in Sources */,
				4A8F93F41A3DE56100A769C1 /* contactDataManager.m in Sources */,
				4AD795271A218C4A00DEC779 /* AFURLSessionManager.m in Sources */,
				4AD795241A218C4A00DEC779 /* AFURLConnectionOperation.m in Sources */,
				4AD7954C1A218C4A00DEC779 /* AFNetworkActivityIndicatorManager.m in Sources */,
				B9FF4B421A245FB300FE413E /* MoreViewController.m in Sources */,
				4A8D01D91A33381200EA59EA /* MainPageTableViewHeaderCell.m in Sources */,
				4A2EE1231A428F1000899976 /* petitionAgreementViewController.m in Sources */,
				4AD7954E1A218C4A00DEC779 /* UIAlertView+AFNetworking.m in Sources */,
				B9FF4B411A245FB300FE413E /* HouseViewController.m in Sources */,
				B9FF4B401A245FB300FE413E /* MainPageViewController.m in Sources */,
				4A8D01CF1A33023900EA59EA /* ILBarButtonItem.m in Sources */,
				4AD7951F1A218C4A00DEC779 /* AFHTTPRequestOperation.m in Sources */,
				4A8F93EB1A3DD36C00A769C1 /* unit.m in Sources */,
				4A5500C91A3BF32F00E5307D /* AnncDetailsViewController.m in Sources */,
				4AD7955D1A218DF100DEC779 /* MBProgressHUD.m in Sources */,
				4ABC22251A3C45490017FD94 /* AlertListTableViewController.m in Sources */,
				4A8F93F71A3EB47300A769C1 /* department.m in Sources */,
				4AD7952A1A218C4A00DEC779 /* UIImage+FX.m in Sources */,
				4AD795201A218C4A00DEC779 /* AFHTTPRequestOperationManager.m in Sources */,
				4A8D01F31A36F9AB00EA59EA /* annoucementManager.m in Sources */,
				4A8F93F11A3DE07E00A769C1 /* ContactListUnitTableViewCell.m in Sources */,
				4A8D01FF1A3734A000EA59EA /* badgeImageFactory.m in Sources */,
				4AD795531A218C4A00DEC779 /* UIWebView+AFNetworking.m in Sources */,
				4A40C2181A41745E00944AB2 /* petionDetailsTableViewController.m in Sources */,
				4A2EE11D1A42774600899976 /* petitionFollowChartViewController.m in Sources */,
				4AD795211A218C4A00DEC779 /* AFHTTPSessionManager.m in Sources */,
				4ABC22211A3C3F940017FD94 /* LoadMoreTableViewCell.m in Sources */,
				4A5137481A3B18C1007B504B /* bizManager.m in Sources */,
				4AD795291A218C4A00DEC779 /* FXImageView.m in Sources */,
				4AB0EFA91A30558000C24A44 /* NetWorkManager.m in Sources */,
				4AD7954F1A218C4A00DEC779 /* UIButton+AFNetworking.m in Sources */,
				4A51374B1A3B2AAA007B504B /* dic2Object.m in Sources */,
				4AD794621A208F4400DEC779 /* AppDelegate.m in Sources */,
				4A8D01ED1A36F60800EA59EA /* announcement.m in Sources */,
				4A40C21B1A41748100944AB2 /* petionListTableViewController.m in Sources */,
				4A3A2EF51A42DBA200AA8A70 /* petitionHistoryNodeTableViewCell.m in Sources */,
				4AD7945F1A208F4400DEC779 /* main.m in Sources */,
				4AD795501A218C4A00DEC779 /* UIImageView+AFNetworking.m in Sources */,
				4A8D01E31A369F2E00EA59EA /* PetitionTableViewCell.m in Sources */,
				B9FF4B431A245FB300FE413E /* BindViewController.m in Sources */,
				4A8D01DE1A369DCE00EA59EA /* PublicAnncTableViewCell.m in Sources */,
				4ABC221D1A3C31910017FD94 /* AnncListViewController.m in Sources */,
				4AD795231A218C4A00DEC779 /* AFSecurityPolicy.m in Sources */,
				4A8D01EA1A36E46700EA59EA /* unReadManager.m in Sources */,
				4A8D02131A37F78400EA59EA /* JSBadgeView.m in Sources */,
				4A2EE11A1A41B41D00899976 /* petitionDictionary.m in Sources */,
				4AD795251A218C4A00DEC779 /* AFURLRequestSerialization.m in Sources */,
				4A8D01F91A36FB8000EA59EA /* internalMessageManager.m in Sources */,
				4AA0385C1A3D30F0003E9CA6 /* BFNavigationBarDrawer.m in Sources */,
				4AD7954D1A218C4A00DEC779 /* UIActivityIndicatorView+AFNetworking.m in Sources */,
				4A9AEEEB1A3B43D300FDA403 /* petiotionBrief.m in Sources */,
				4A2EE1201A42872600899976 /* petitionDetail.m in Sources */,
				4A8D01D51A33039D00EA59EA /* UIViewController+FastNavgationBarItem.m in Sources */,
				4A8D01FC1A36FB9C00EA59EA /* petitionManager.m in Sources */,
				4AD795511A218C4A00DEC779 /* UIProgressView+AFNetworking.m in Sources */,
				4AB0EFA61A30540C00C24A44 /* AFNMJInstance.m in Sources */,
				4ABC22281A3C4BFD0017FD94 /* alert.m in Sources */,
				B9FF4B441A245FB300FE413E /* LoginViewController.m in Sources */,
				4AB0EFAF1A308CED00C24A44 /* UtilFun.m in Sources */,
				4AD795221A218C4A00DEC779 /* AFNetworkReachabilityManager.m in Sources */,
				4A40C2211A4175BC00944AB2 /* petionDetailsItemTableViewCell.m in Sources */,
				4AD7955C1A218DF100DEC779 /* GTCheckBox.m in Sources */,
				4AD795261A218C4A00DEC779 /* AFURLResponseSerialization.m in Sources */,
				B9FF4B3F1A245FB300FE413E /* CustomerViewController.m in Sources */,
			);
			runOnlyForDeploymentPostprocessing = 0;
		};
		4AD7946E1A208F4500DEC779 /* Sources */ = {
			isa = PBXSourcesBuildPhase;
			buildActionMask = 2147483647;
			files = (
				4AD794791A208F4500DEC779 /* MJTests.m in Sources */,
			);
			runOnlyForDeploymentPostprocessing = 0;
		};
/* End PBXSourcesBuildPhase section */

/* Begin PBXTargetDependency section */
		4AD794741A208F4500DEC779 /* PBXTargetDependency */ = {
			isa = PBXTargetDependency;
			target = 4AD794581A208F4400DEC779 /* MJ */;
			targetProxy = 4AD794731A208F4500DEC779 /* PBXContainerItemProxy */;
		};
/* End PBXTargetDependency section */

/* Begin PBXVariantGroup section */
		4AD794661A208F4400DEC779 /* Main.storyboard */ = {
			isa = PBXVariantGroup;
			children = (
				4AD794671A208F4400DEC779 /* Base */,
			);
			name = Main.storyboard;
			sourceTree = "<group>";
		};
		4AD7946B1A208F4500DEC779 /* LaunchScreen.xib */ = {
			isa = PBXVariantGroup;
			children = (
				4AD7946C1A208F4500DEC779 /* Base */,
			);
			name = LaunchScreen.xib;
			sourceTree = "<group>";
		};
/* End PBXVariantGroup section */

/* Begin XCBuildConfiguration section */
		4AD7947A1A208F4500DEC779 /* Debug */ = {
			isa = XCBuildConfiguration;
			buildSettings = {
				ALWAYS_SEARCH_USER_PATHS = NO;
				CLANG_CXX_LANGUAGE_STANDARD = "gnu++0x";
				CLANG_CXX_LIBRARY = "libc++";
				CLANG_ENABLE_MODULES = YES;
				CLANG_ENABLE_OBJC_ARC = YES;
				CLANG_WARN_BOOL_CONVERSION = YES;
				CLANG_WARN_CONSTANT_CONVERSION = YES;
				CLANG_WARN_DIRECT_OBJC_ISA_USAGE = YES_ERROR;
				CLANG_WARN_EMPTY_BODY = YES;
				CLANG_WARN_ENUM_CONVERSION = YES;
				CLANG_WARN_INT_CONVERSION = YES;
				CLANG_WARN_OBJC_ROOT_CLASS = YES_ERROR;
				CLANG_WARN_UNREACHABLE_CODE = YES;
				CLANG_WARN__DUPLICATE_METHOD_MATCH = YES;
				"CODE_SIGN_IDENTITY[sdk=iphoneos*]" = "iPhone Developer";
				COPY_PHASE_STRIP = NO;
				ENABLE_STRICT_OBJC_MSGSEND = YES;
				GCC_C_LANGUAGE_STANDARD = gnu99;
				GCC_DYNAMIC_NO_PIC = NO;
				GCC_OPTIMIZATION_LEVEL = 0;
				GCC_PREPROCESSOR_DEFINITIONS = (
					"DEBUG=1",
					"$(inherited)",
				);
				GCC_SYMBOLS_PRIVATE_EXTERN = NO;
				GCC_WARN_64_TO_32_BIT_CONVERSION = YES;
				GCC_WARN_ABOUT_RETURN_TYPE = YES_ERROR;
				GCC_WARN_UNDECLARED_SELECTOR = YES;
				GCC_WARN_UNINITIALIZED_AUTOS = YES_AGGRESSIVE;
				GCC_WARN_UNUSED_FUNCTION = YES;
				GCC_WARN_UNUSED_VARIABLE = YES;
				IPHONEOS_DEPLOYMENT_TARGET = 8.0;
				MTL_ENABLE_DEBUG_INFO = YES;
				ONLY_ACTIVE_ARCH = YES;
				SDKROOT = iphoneos;
				TARGETED_DEVICE_FAMILY = "1,2";
			};
			name = Debug;
		};
		4AD7947B1A208F4500DEC779 /* Release */ = {
			isa = XCBuildConfiguration;
			buildSettings = {
				ALWAYS_SEARCH_USER_PATHS = NO;
				CLANG_CXX_LANGUAGE_STANDARD = "gnu++0x";
				CLANG_CXX_LIBRARY = "libc++";
				CLANG_ENABLE_MODULES = YES;
				CLANG_ENABLE_OBJC_ARC = YES;
				CLANG_WARN_BOOL_CONVERSION = YES;
				CLANG_WARN_CONSTANT_CONVERSION = YES;
				CLANG_WARN_DIRECT_OBJC_ISA_USAGE = YES_ERROR;
				CLANG_WARN_EMPTY_BODY = YES;
				CLANG_WARN_ENUM_CONVERSION = YES;
				CLANG_WARN_INT_CONVERSION = YES;
				CLANG_WARN_OBJC_ROOT_CLASS = YES_ERROR;
				CLANG_WARN_UNREACHABLE_CODE = YES;
				CLANG_WARN__DUPLICATE_METHOD_MATCH = YES;
				"CODE_SIGN_IDENTITY[sdk=iphoneos*]" = "iPhone Developer";
				COPY_PHASE_STRIP = YES;
				ENABLE_NS_ASSERTIONS = NO;
				ENABLE_STRICT_OBJC_MSGSEND = YES;
				GCC_C_LANGUAGE_STANDARD = gnu99;
				GCC_WARN_64_TO_32_BIT_CONVERSION = YES;
				GCC_WARN_ABOUT_RETURN_TYPE = YES_ERROR;
				GCC_WARN_UNDECLARED_SELECTOR = YES;
				GCC_WARN_UNINITIALIZED_AUTOS = YES_AGGRESSIVE;
				GCC_WARN_UNUSED_FUNCTION = YES;
				GCC_WARN_UNUSED_VARIABLE = YES;
				IPHONEOS_DEPLOYMENT_TARGET = 8.0;
				MTL_ENABLE_DEBUG_INFO = NO;
				SDKROOT = iphoneos;
				TARGETED_DEVICE_FAMILY = "1,2";
				VALIDATE_PRODUCT = YES;
			};
			name = Release;
		};
		4AD7947D1A208F4500DEC779 /* Debug */ = {
			isa = XCBuildConfiguration;
			buildSettings = {
				ASSETCATALOG_COMPILER_APPICON_NAME = AppIcon;
				ASSETCATALOG_COMPILER_LAUNCHIMAGE_NAME = LaunchImage;
				INFOPLIST_FILE = MJ/Info.plist;
				IPHONEOS_DEPLOYMENT_TARGET = 7.0;
				LD_RUNPATH_SEARCH_PATHS = "$(inherited) @executable_path/Frameworks";
				PRODUCT_NAME = "$(TARGET_NAME)";
				TARGETED_DEVICE_FAMILY = 1;
			};
			name = Debug;
		};
		4AD7947E1A208F4500DEC779 /* Release */ = {
			isa = XCBuildConfiguration;
			buildSettings = {
				ASSETCATALOG_COMPILER_APPICON_NAME = AppIcon;
				ASSETCATALOG_COMPILER_LAUNCHIMAGE_NAME = LaunchImage;
				INFOPLIST_FILE = MJ/Info.plist;
				IPHONEOS_DEPLOYMENT_TARGET = 7.0;
				LD_RUNPATH_SEARCH_PATHS = "$(inherited) @executable_path/Frameworks";
				PRODUCT_NAME = "$(TARGET_NAME)";
				TARGETED_DEVICE_FAMILY = 1;
			};
			name = Release;
		};
		4AD794801A208F4500DEC779 /* Debug */ = {
			isa = XCBuildConfiguration;
			buildSettings = {
				BUNDLE_LOADER = "$(TEST_HOST)";
				FRAMEWORK_SEARCH_PATHS = (
					"$(SDKROOT)/Developer/Library/Frameworks",
					"$(inherited)",
				);
				GCC_PREPROCESSOR_DEFINITIONS = (
					"DEBUG=1",
					"$(inherited)",
				);
				INFOPLIST_FILE = MJTests/Info.plist;
				LD_RUNPATH_SEARCH_PATHS = "$(inherited) @executable_path/Frameworks @loader_path/Frameworks";
				PRODUCT_NAME = "$(TARGET_NAME)";
				TEST_HOST = "$(BUILT_PRODUCTS_DIR)/MJ.app/MJ";
			};
			name = Debug;
		};
		4AD794811A208F4500DEC779 /* Release */ = {
			isa = XCBuildConfiguration;
			buildSettings = {
				BUNDLE_LOADER = "$(TEST_HOST)";
				FRAMEWORK_SEARCH_PATHS = (
					"$(SDKROOT)/Developer/Library/Frameworks",
					"$(inherited)",
				);
				INFOPLIST_FILE = MJTests/Info.plist;
				LD_RUNPATH_SEARCH_PATHS = "$(inherited) @executable_path/Frameworks @loader_path/Frameworks";
				PRODUCT_NAME = "$(TARGET_NAME)";
				TEST_HOST = "$(BUILT_PRODUCTS_DIR)/MJ.app/MJ";
			};
			name = Release;
		};
/* End XCBuildConfiguration section */

/* Begin XCConfigurationList section */
		4AD794541A208F4400DEC779 /* Build configuration list for PBXProject "MJ" */ = {
			isa = XCConfigurationList;
			buildConfigurations = (
				4AD7947A1A208F4500DEC779 /* Debug */,
				4AD7947B1A208F4500DEC779 /* Release */,
			);
			defaultConfigurationIsVisible = 0;
			defaultConfigurationName = Release;
		};
		4AD7947C1A208F4500DEC779 /* Build configuration list for PBXNativeTarget "MJ" */ = {
			isa = XCConfigurationList;
			buildConfigurations = (
				4AD7947D1A208F4500DEC779 /* Debug */,
				4AD7947E1A208F4500DEC779 /* Release */,
			);
			defaultConfigurationIsVisible = 0;
			defaultConfigurationName = Release;
		};
		4AD7947F1A208F4500DEC779 /* Build configuration list for PBXNativeTarget "MJTests" */ = {
			isa = XCConfigurationList;
			buildConfigurations = (
				4AD794801A208F4500DEC779 /* Debug */,
				4AD794811A208F4500DEC779 /* Release */,
			);
			defaultConfigurationIsVisible = 0;
			defaultConfigurationName = Release;
		};
/* End XCConfigurationList section */
	};
	rootObject = 4AD794511A208F4400DEC779 /* Project object */;
}
